{
  "name": "@busability/vue2-gmap-custom-marker",
  "version": "0.0.3",
  "lockfileVersion": 2,
  "requires": true,
  "packages": {
    "": {
      "name": "@busability/vue2-gmap-custom-marker",
      "version": "0.0.2",
      "license": "MIT",
      "dependencies": {
        "@busability/vue2-google-maps": "@busability/vue2-google-maps",
        "vue": "^2.x"
      }
    },
    "@busability/vue2-google-maps": {},
    "node_modules/@busability/vue2-google-maps": {
      "resolved": "@busability/vue2-google-maps",
      "link": true
    },
    "node_modules/vue": {
      "version": "2.6.14",
      "integrity": "sha512-x2284lgYvjOMj3Za7kqzRcUSxBboHqtgRE2zlos1qWaOye5yUmHn42LB1250NJBLRwEcdrB0JRwyPTEPhfQjiQ=="
    }
  },
  "dependencies": {
    "@busability/vue2-google-maps": {
      "version": "file:@busability/vue2-google-maps"
    },
    "vue": {
      "version": "2.6.14",
      "integrity": "sha512-x2284lgYvjOMj3Za7kqzRcUSxBboHqtgRE2zlos1qWaOye5yUmHn42LB1250NJBLRwEcdrB0JRwyPTEPhfQjiQ=="
    }
  }
}
