{
  "name": "@busability/vue2-gmap-custom-marker",
  "version": "1.0.0",
  "lockfileVersion": 2,
  "requires": true,
  "packages": {
    "": {
      "name": "@busability/vue2-gmap-custom-marker",
      "version": "1.0.0",
      "license": "MIT",
      "dependencies": {
        "@busability/vue2-google-maps": "^1.0.0",
        "vue": "^2.x"
      }
    },
    "@busability/vue2-google-maps": {
      "extraneous": true
    },
    "node_modules/@busability/vue2-google-maps": {
      "version": "1.0.0",
      "resolved": "https://registry.npmjs.org/@busability/vue2-google-maps/-/vue2-google-maps-1.0.0.tgz",
      "integrity": "sha512-fjMPWTJF2JP+Tf3b3vvpkBkhmw8u3HFb8ty6VhA4Mxh6ftUw4Q5zdQIJdhhhbPA8Xn2+H45Ukw85uXLMdwRjxA==",
      "dependencies": {
        "marker-clusterer-plus": "^2.1.4"
      },
      "peerDependencies": {
        "vue": "^2.6.10"
      }
    },
    "node_modules/marker-clusterer-plus": {
      "version": "2.1.4",
      "resolved": "https://registry.npmjs.org/marker-clusterer-plus/-/marker-clusterer-plus-2.1.4.tgz",
      "integrity": "sha1-+O/3TVmdqzt9Dj/tUmTqDnBPXWc="
    },
    "node_modules/vue": {
      "version": "2.6.14",
      "integrity": "sha512-x2284lgYvjOMj3Za7kqzRcUSxBboHqtgRE2zlos1qWaOye5yUmHn42LB1250NJBLRwEcdrB0JRwyPTEPhfQjiQ=="
    }
  },
  "dependencies": {
    "@busability/vue2-google-maps": {
      "version": "1.0.0",
      "resolved": "https://registry.npmjs.org/@busability/vue2-google-maps/-/vue2-google-maps-1.0.0.tgz",
      "integrity": "sha512-fjMPWTJF2JP+Tf3b3vvpkBkhmw8u3HFb8ty6VhA4Mxh6ftUw4Q5zdQIJdhhhbPA8Xn2+H45Ukw85uXLMdwRjxA==",
      "requires": {
        "marker-clusterer-plus": "^2.1.4"
      }
    },
    "marker-clusterer-plus": {
      "version": "2.1.4",
      "resolved": "https://registry.npmjs.org/marker-clusterer-plus/-/marker-clusterer-plus-2.1.4.tgz",
      "integrity": "sha1-+O/3TVmdqzt9Dj/tUmTqDnBPXWc="
    },
    "vue": {
      "version": "2.6.14",
      "integrity": "sha512-x2284lgYvjOMj3Za7kqzRcUSxBboHqtgRE2zlos1qWaOye5yUmHn42LB1250NJBLRwEcdrB0JRwyPTEPhfQjiQ=="
    }
  }
}
